// !$*UTF8*$!
{
	archiveVersion = 1;
	classes = {
	};
	objectVersion = 56;
	objects = {

/* Begin PBXBuildFile section */
		A2055BDA2C11AD8800272FB7 /* SmartGuideApp.swift in Sources */ = {isa = PBXBuildFile; fileRef = A2055BD92C11AD8800272FB7 /* SmartGuideApp.swift */; };
		A2055BDC2C11AD8800272FB7 /* ContentView.swift in Sources */ = {isa = PBXBuildFile; fileRef = A2055BDB2C11AD8800272FB7 /* ContentView.swift */; };
		A2055BDE2C11AD8A00272FB7 /* Assets.xcassets in Resources */ = {isa = PBXBuildFile; fileRef = A2055BDD2C11AD8A00272FB7 /* Assets.xcassets */; };
		A2055BE12C11AD8A00272FB7 /* Preview Assets.xcassets in Resources */ = {isa = PBXBuildFile; fileRef = A2055BE02C11AD8A00272FB7 /* Preview Assets.xcassets */; };
		A2055BF02C11B04100272FB7 /* ScannerCoordinator.swift in Sources */ = {isa = PBXBuildFile; fileRef = A2055BEF2C11B04100272FB7 /* ScannerCoordinator.swift */; };
		A2055BF32C11B10D00272FB7 /* AppleView.swift in Sources */ = {isa = PBXBuildFile; fileRef = A2055BF22C11B10D00272FB7 /* AppleView.swift */; };
		A2055BF82C11B16400272FB7 /* OliveView.swift in Sources */ = {isa = PBXBuildFile; fileRef = A2055BF42C11B16400272FB7 /* OliveView.swift */; };
		A2055BF92C11B16400272FB7 /* LemonView.swift in Sources */ = {isa = PBXBuildFile; fileRef = A2055BF52C11B16400272FB7 /* LemonView.swift */; };
		A2055BFA2C11B16400272FB7 /* BananaView.swift in Sources */ = {isa = PBXBuildFile; fileRef = A2055BF62C11B16400272FB7 /* BananaView.swift */; };
		A2055BFB2C11B16400272FB7 /* CarrotView.swift in Sources */ = {isa = PBXBuildFile; fileRef = A2055BF72C11B16400272FB7 /* CarrotView.swift */; };
		A2055BFD2C11B8B000272FB7 /* ScannerView.swift in Sources */ = {isa = PBXBuildFile; fileRef = A2055BFC2C11B8B000272FB7 /* ScannerView.swift */; };
		A2055BFF2C11BC4500272FB7 /* MainView.swift in Sources */ = {isa = PBXBuildFile; fileRef = A2055BFE2C11BC4500272FB7 /* MainView.swift */; };
		A2055C082C13225A00272FB7 /* ChatCoordinator.swift in Sources */ = {isa = PBXBuildFile; fileRef = A2055C072C13225A00272FB7 /* ChatCoordinator.swift */; };
		A2055C0A2C13236C00272FB7 /* ChatView.swift in Sources */ = {isa = PBXBuildFile; fileRef = A2055C092C13236C00272FB7 /* ChatView.swift */; };
		A2055C0C2C13346300272FB7 /* TextScannerView.swift in Sources */ = {isa = PBXBuildFile; fileRef = A2055C0B2C13346300272FB7 /* TextScannerView.swift */; };
		A2055C112C13363D00272FB7 /* CameraService.swift in Sources */ = {isa = PBXBuildFile; fileRef = A2055C102C13363D00272FB7 /* CameraService.swift */; };
		A2055C152C13394D00272FB7 /* TagView.swift in Sources */ = {isa = PBXBuildFile; fileRef = A2055C142C13394D00272FB7 /* TagView.swift */; };
		A2055C192C134DAC00272FB7 /* CropView.swift in Sources */ = {isa = PBXBuildFile; fileRef = A2055C182C134DAC00272FB7 /* CropView.swift */; };
		A2055C1E2C17A01B00272FB7 /* UIImageView+ crop.swift in Sources */ = {isa = PBXBuildFile; fileRef = A2055C1D2C17A01B00272FB7 /* UIImageView+ crop.swift */; };
		A2055C202C1868C800272FB7 /* CropViewModel.swift in Sources */ = {isa = PBXBuildFile; fileRef = A2055C1F2C1868C800272FB7 /* CropViewModel.swift */; };
		A2055C222C19A41200272FB7 /* TextScannerViewModel.swift in Sources */ = {isa = PBXBuildFile; fileRef = A2055C212C19A41200272FB7 /* TextScannerViewModel.swift */; };
		A223C6E82C1B17A000DBD5FB /* CameraView.swift in Sources */ = {isa = PBXBuildFile; fileRef = A223C6E72C1B17A000DBD5FB /* CameraView.swift */; };
		A223C6EA2C1C3A6800DBD5FB /* AppContainer.swift in Sources */ = {isa = PBXBuildFile; fileRef = A223C6E92C1C3A6800DBD5FB /* AppContainer.swift */; };
		A223C6EC2C1C43A100DBD5FB /* MainCoordinator.swift in Sources */ = {isa = PBXBuildFile; fileRef = A223C6EB2C1C43A100DBD5FB /* MainCoordinator.swift */; };
		A223C6EE2C1C5D5600DBD5FB /* RoundedCornersView.swift in Sources */ = {isa = PBXBuildFile; fileRef = A223C6ED2C1C5D5600DBD5FB /* RoundedCornersView.swift */; };
		A23B0C602C1F0619004083AA /* TestView.swift in Sources */ = {isa = PBXBuildFile; fileRef = A23B0C5F2C1F0619004083AA /* TestView.swift */; };
		A23B0C6C2C1F5D52004083AA /* OpenAISwift in Frameworks */ = {isa = PBXBuildFile; productRef = A23B0C6B2C1F5D52004083AA /* OpenAISwift */; };
/* End PBXBuildFile section */

/* Begin PBXFileReference section */
		A2055BD62C11AD8800272FB7 /* SmartGuide.app */ = {isa = PBXFileReference; explicitFileType = wrapper.application; includeInIndex = 0; path = SmartGuide.app; sourceTree = BUILT_PRODUCTS_DIR; };
		A2055BD92C11AD8800272FB7 /* SmartGuideApp.swift */ = {isa = PBXFileReference; lastKnownFileType = sourcecode.swift; path = SmartGuideApp.swift; sourceTree = "<group>"; };
		A2055BDB2C11AD8800272FB7 /* ContentView.swift */ = {isa = PBXFileReference; lastKnownFileType = sourcecode.swift; path = ContentView.swift; sourceTree = "<group>"; };
		A2055BDD2C11AD8A00272FB7 /* Assets.xcassets */ = {isa = PBXFileReference; lastKnownFileType = folder.assetcatalog; path = Assets.xcassets; sourceTree = "<group>"; };
		A2055BE02C11AD8A00272FB7 /* Preview Assets.xcassets */ = {isa = PBXFileReference; lastKnownFileType = folder.assetcatalog; path = "Preview Assets.xcassets"; sourceTree = "<group>"; };
		A2055BEF2C11B04100272FB7 /* ScannerCoordinator.swift */ = {isa = PBXFileReference; lastKnownFileType = sourcecode.swift; path = ScannerCoordinator.swift; sourceTree = "<group>"; };
		A2055BF22C11B10D00272FB7 /* AppleView.swift */ = {isa = PBXFileReference; fileEncoding = 4; lastKnownFileType = sourcecode.swift; path = AppleView.swift; sourceTree = "<group>"; };
		A2055BF42C11B16400272FB7 /* OliveView.swift */ = {isa = PBXFileReference; fileEncoding = 4; lastKnownFileType = sourcecode.swift; path = OliveView.swift; sourceTree = "<group>"; };
		A2055BF52C11B16400272FB7 /* LemonView.swift */ = {isa = PBXFileReference; fileEncoding = 4; lastKnownFileType = sourcecode.swift; path = LemonView.swift; sourceTree = "<group>"; };
		A2055BF62C11B16400272FB7 /* BananaView.swift */ = {isa = PBXFileReference; fileEncoding = 4; lastKnownFileType = sourcecode.swift; path = BananaView.swift; sourceTree = "<group>"; };
		A2055BF72C11B16400272FB7 /* CarrotView.swift */ = {isa = PBXFileReference; fileEncoding = 4; lastKnownFileType = sourcecode.swift; path = CarrotView.swift; sourceTree = "<group>"; };
		A2055BFC2C11B8B000272FB7 /* ScannerView.swift */ = {isa = PBXFileReference; lastKnownFileType = sourcecode.swift; path = ScannerView.swift; sourceTree = "<group>"; };
		A2055BFE2C11BC4500272FB7 /* MainView.swift */ = {isa = PBXFileReference; fileEncoding = 4; lastKnownFileType = sourcecode.swift; path = MainView.swift; sourceTree = "<group>"; };
		A2055C072C13225A00272FB7 /* ChatCoordinator.swift */ = {isa = PBXFileReference; lastKnownFileType = sourcecode.swift; path = ChatCoordinator.swift; sourceTree = "<group>"; };
		A2055C092C13236C00272FB7 /* ChatView.swift */ = {isa = PBXFileReference; lastKnownFileType = sourcecode.swift; path = ChatView.swift; sourceTree = "<group>"; };
		A2055C0B2C13346300272FB7 /* TextScannerView.swift */ = {isa = PBXFileReference; fileEncoding = 4; lastKnownFileType = sourcecode.swift; path = TextScannerView.swift; sourceTree = "<group>"; };
		A2055C102C13363D00272FB7 /* CameraService.swift */ = {isa = PBXFileReference; fileEncoding = 4; lastKnownFileType = sourcecode.swift; path = CameraService.swift; sourceTree = "<group>"; };
		A2055C122C13375500272FB7 /* Info.plist */ = {isa = PBXFileReference; lastKnownFileType = text.plist; path = Info.plist; sourceTree = "<group>"; };
		A2055C142C13394D00272FB7 /* TagView.swift */ = {isa = PBXFileReference; lastKnownFileType = sourcecode.swift; path = TagView.swift; sourceTree = "<group>"; };
		A2055C182C134DAC00272FB7 /* CropView.swift */ = {isa = PBXFileReference; lastKnownFileType = sourcecode.swift; path = CropView.swift; sourceTree = "<group>"; };
		A2055C1D2C17A01B00272FB7 /* UIImageView+ crop.swift */ = {isa = PBXFileReference; lastKnownFileType = sourcecode.swift; path = "UIImageView+ crop.swift"; sourceTree = "<group>"; };
		A2055C1F2C1868C800272FB7 /* CropViewModel.swift */ = {isa = PBXFileReference; lastKnownFileType = sourcecode.swift; path = CropViewModel.swift; sourceTree = "<group>"; };
		A2055C212C19A41200272FB7 /* TextScannerViewModel.swift */ = {isa = PBXFileReference; lastKnownFileType = sourcecode.swift; path = TextScannerViewModel.swift; sourceTree = "<group>"; };
		A223C6E72C1B17A000DBD5FB /* CameraView.swift */ = {isa = PBXFileReference; lastKnownFileType = sourcecode.swift; path = CameraView.swift; sourceTree = "<group>"; };
		A223C6E92C1C3A6800DBD5FB /* AppContainer.swift */ = {isa = PBXFileReference; lastKnownFileType = sourcecode.swift; path = AppContainer.swift; sourceTree = "<group>"; };
		A223C6EB2C1C43A100DBD5FB /* MainCoordinator.swift */ = {isa = PBXFileReference; lastKnownFileType = sourcecode.swift; path = MainCoordinator.swift; sourceTree = "<group>"; };
		A223C6ED2C1C5D5600DBD5FB /* RoundedCornersView.swift */ = {isa = PBXFileReference; lastKnownFileType = sourcecode.swift; path = RoundedCornersView.swift; sourceTree = "<group>"; };
		A23B0C5F2C1F0619004083AA /* TestView.swift */ = {isa = PBXFileReference; lastKnownFileType = sourcecode.swift; path = TestView.swift; sourceTree = "<group>"; };
/* End PBXFileReference section */

/* Begin PBXFrameworksBuildPhase section */
		A2055BD32C11AD8800272FB7 /* Frameworks */ = {
			isa = PBXFrameworksBuildPhase;
			buildActionMask = 2147483647;
			files = (
				A23B0C6C2C1F5D52004083AA /* OpenAISwift in Frameworks */,
			);
			runOnlyForDeploymentPostprocessing = 0;
		};
/* End PBXFrameworksBuildPhase section */

/* Begin PBXGroup section */
		A2055BCD2C11AD8800272FB7 = {
			isa = PBXGroup;
			children = (
				A2055BD82C11AD8800272FB7 /* SmartGuide */,
				A2055BD72C11AD8800272FB7 /* Products */,
			);
			sourceTree = "<group>";
		};
		A2055BD72C11AD8800272FB7 /* Products */ = {
			isa = PBXGroup;
			children = (
				A2055BD62C11AD8800272FB7 /* SmartGuide.app */,
			);
			name = Products;
			sourceTree = "<group>";
		};
		A2055BD82C11AD8800272FB7 /* SmartGuide */ = {
			isa = PBXGroup;
			children = (
				A2055BE72C11AE7100272FB7 /* App */,
				A2055C1A2C179FA300272FB7 /* Extensions */,
				A2055C0F2C13362500272FB7 /* BusinessLogic */,
				A2055C002C11BC9D00272FB7 /* Presentation */,
				A2055BF12C11B0F600272FB7 /* Trash */,
				A2055BDB2C11AD8800272FB7 /* ContentView.swift */,
				A2055C122C13375500272FB7 /* Info.plist */,
				A2055BDD2C11AD8A00272FB7 /* Assets.xcassets */,
				A2055BDF2C11AD8A00272FB7 /* Preview Content */,
			);
			path = SmartGuide;
			sourceTree = "<group>";
		};
		A2055BDF2C11AD8A00272FB7 /* Preview Content */ = {
			isa = PBXGroup;
			children = (
				A2055BE02C11AD8A00272FB7 /* Preview Assets.xcassets */,
			);
			path = "Preview Content";
			sourceTree = "<group>";
		};
		A2055BE72C11AE7100272FB7 /* App */ = {
			isa = PBXGroup;
			children = (
				A2055BD92C11AD8800272FB7 /* SmartGuideApp.swift */,
				A223C6E92C1C3A6800DBD5FB /* AppContainer.swift */,
				A2055BE82C11AE8400272FB7 /* Coordinators */,
			);
			path = App;
			sourceTree = "<group>";
		};
		A2055BE82C11AE8400272FB7 /* Coordinators */ = {
			isa = PBXGroup;
			children = (
				A2055C062C13223500272FB7 /* ChatCoordinator */,
				A2055BEE2C11B00A00272FB7 /* ScannerCoordinator */,
				A223C6EB2C1C43A100DBD5FB /* MainCoordinator.swift */,
			);
			path = Coordinators;
			sourceTree = "<group>";
		};
		A2055BEE2C11B00A00272FB7 /* ScannerCoordinator */ = {
			isa = PBXGroup;
			children = (
				A2055BEF2C11B04100272FB7 /* ScannerCoordinator.swift */,
			);
			path = ScannerCoordinator;
			sourceTree = "<group>";
		};
		A2055BF12C11B0F600272FB7 /* Trash */ = {
			isa = PBXGroup;
			children = (
				A2055BF62C11B16400272FB7 /* BananaView.swift */,
				A2055BF72C11B16400272FB7 /* CarrotView.swift */,
				A2055BF52C11B16400272FB7 /* LemonView.swift */,
				A2055BF42C11B16400272FB7 /* OliveView.swift */,
				A2055BF22C11B10D00272FB7 /* AppleView.swift */,
				A23B0C5F2C1F0619004083AA /* TestView.swift */,
			);
			path = Trash;
			sourceTree = "<group>";
		};
		A2055C002C11BC9D00272FB7 /* Presentation */ = {
			isa = PBXGroup;
			children = (
				A2055BFE2C11BC4500272FB7 /* MainView.swift */,
				A2055C162C134C1500272FB7 /* Scanner */,
				A2055C172C134C2E00272FB7 /* Chat */,
			);
			path = Presentation;
			sourceTree = "<group>";
		};
		A2055C062C13223500272FB7 /* ChatCoordinator */ = {
			isa = PBXGroup;
			children = (
				A2055C072C13225A00272FB7 /* ChatCoordinator.swift */,
			);
			path = ChatCoordinator;
			sourceTree = "<group>";
		};
		A2055C0F2C13362500272FB7 /* BusinessLogic */ = {
			isa = PBXGroup;
			children = (
				A2055C102C13363D00272FB7 /* CameraService.swift */,
			);
			path = BusinessLogic;
			sourceTree = "<group>";
		};
		A2055C132C13390800272FB7 /* SubViews */ = {
			isa = PBXGroup;
			children = (
				A223C6E72C1B17A000DBD5FB /* CameraView.swift */,
				A2055C142C13394D00272FB7 /* TagView.swift */,
			);
			path = SubViews;
			sourceTree = "<group>";
		};
		A2055C162C134C1500272FB7 /* Scanner */ = {
			isa = PBXGroup;
			children = (
				A2055BFC2C11B8B000272FB7 /* ScannerView.swift */,
				A2055C0B2C13346300272FB7 /* TextScannerView.swift */,
				A2055C212C19A41200272FB7 /* TextScannerViewModel.swift */,
				A2055C132C13390800272FB7 /* SubViews */,
				A2055C182C134DAC00272FB7 /* CropView.swift */,
				A223C6ED2C1C5D5600DBD5FB /* RoundedCornersView.swift */,
				A2055C1F2C1868C800272FB7 /* CropViewModel.swift */,
			);
			path = Scanner;
			sourceTree = "<group>";
		};
		A2055C172C134C2E00272FB7 /* Chat */ = {
			isa = PBXGroup;
			children = (
				A2055C092C13236C00272FB7 /* ChatView.swift */,
			);
			path = Chat;
			sourceTree = "<group>";
		};
		A2055C1A2C179FA300272FB7 /* Extensions */ = {
			isa = PBXGroup;
			children = (
				A2055C1D2C17A01B00272FB7 /* UIImageView+ crop.swift */,
			);
			path = Extensions;
			sourceTree = "<group>";
		};
/* End PBXGroup section */

/* Begin PBXNativeTarget section */
		A2055BD52C11AD8800272FB7 /* SmartGuide */ = {
			isa = PBXNativeTarget;
			buildConfigurationList = A2055BE42C11AD8A00272FB7 /* Build configuration list for PBXNativeTarget "SmartGuide" */;
			buildPhases = (
				A2055BD22C11AD8800272FB7 /* Sources */,
				A2055BD32C11AD8800272FB7 /* Frameworks */,
				A2055BD42C11AD8800272FB7 /* Resources */,
			);
			buildRules = (
			);
			dependencies = (
			);
			name = SmartGuide;
			packageProductDependencies = (
				A23B0C6B2C1F5D52004083AA /* OpenAISwift */,
			);
			productName = SmartGuide;
			productReference = A2055BD62C11AD8800272FB7 /* SmartGuide.app */;
			productType = "com.apple.product-type.application";
		};
/* End PBXNativeTarget section */

/* Begin PBXProject section */
		A2055BCE2C11AD8800272FB7 /* Project object */ = {
			isa = PBXProject;
			attributes = {
				BuildIndependentTargetsInParallel = 1;
				LastSwiftUpdateCheck = 1410;
				LastUpgradeCheck = 1410;
				TargetAttributes = {
					A2055BD52C11AD8800272FB7 = {
						CreatedOnToolsVersion = 14.1;
					};
				};
			};
			buildConfigurationList = A2055BD12C11AD8800272FB7 /* Build configuration list for PBXProject "SmartGuide" */;
			compatibilityVersion = "Xcode 14.0";
			developmentRegion = en;
			hasScannedForEncodings = 0;
			knownRegions = (
				en,
				Base,
			);
			mainGroup = A2055BCD2C11AD8800272FB7;
			packageReferences = (
				A23B0C6A2C1F5D52004083AA /* XCRemoteSwiftPackageReference "OpenAISwift" */,
			);
			productRefGroup = A2055BD72C11AD8800272FB7 /* Products */;
			projectDirPath = "";
			projectRoot = "";
			targets = (
				A2055BD52C11AD8800272FB7 /* SmartGuide */,
			);
		};
/* End PBXProject section */

/* Begin PBXResourcesBuildPhase section */
		A2055BD42C11AD8800272FB7 /* Resources */ = {
			isa = PBXResourcesBuildPhase;
			buildActionMask = 2147483647;
			files = (
				A2055BE12C11AD8A00272FB7 /* Preview Assets.xcassets in Resources */,
				A2055BDE2C11AD8A00272FB7 /* Assets.xcassets in Resources */,
			);
			runOnlyForDeploymentPostprocessing = 0;
		};
/* End PBXResourcesBuildPhase section */

/* Begin PBXSourcesBuildPhase section */
		A2055BD22C11AD8800272FB7 /* Sources */ = {
			isa = PBXSourcesBuildPhase;
			buildActionMask = 2147483647;
			files = (
				A2055BF92C11B16400272FB7 /* LemonView.swift in Sources */,
				A2055C1E2C17A01B00272FB7 /* UIImageView+ crop.swift in Sources */,
				A2055C192C134DAC00272FB7 /* CropView.swift in Sources */,
				A2055BFF2C11BC4500272FB7 /* MainView.swift in Sources */,
				A2055BDC2C11AD8800272FB7 /* ContentView.swift in Sources */,
				A223C6EC2C1C43A100DBD5FB /* MainCoordinator.swift in Sources */,
				A2055BF32C11B10D00272FB7 /* AppleView.swift in Sources */,
				A2055C0A2C13236C00272FB7 /* ChatView.swift in Sources */,
				A2055C112C13363D00272FB7 /* CameraService.swift in Sources */,
				A2055BFB2C11B16400272FB7 /* CarrotView.swift in Sources */,
				A2055BDA2C11AD8800272FB7 /* SmartGuideApp.swift in Sources */,
				A2055BFA2C11B16400272FB7 /* BananaView.swift in Sources */,
				A23B0C602C1F0619004083AA /* TestView.swift in Sources */,
				A223C6EE2C1C5D5600DBD5FB /* RoundedCornersView.swift in Sources */,
				A2055C0C2C13346300272FB7 /* TextScannerView.swift in Sources */,
				A2055BF02C11B04100272FB7 /* ScannerCoordinator.swift in Sources */,
				A2055C082C13225A00272FB7 /* ChatCoordinator.swift in Sources */,
				A223C6E82C1B17A000DBD5FB /* CameraView.swift in Sources */,
				A2055C202C1868C800272FB7 /* CropViewModel.swift in Sources */,
				A2055C222C19A41200272FB7 /* TextScannerViewModel.swift in Sources */,
				A2055BFD2C11B8B000272FB7 /* ScannerView.swift in Sources */,
				A2055BF82C11B16400272FB7 /* OliveView.swift in Sources */,
				A2055C152C13394D00272FB7 /* TagView.swift in Sources */,
				A223C6EA2C1C3A6800DBD5FB /* AppContainer.swift in Sources */,
			);
			runOnlyForDeploymentPostprocessing = 0;
		};
/* End PBXSourcesBuildPhase section */

/* Begin XCBuildConfiguration section */
		A2055BE22C11AD8A00272FB7 /* Debug */ = {
			isa = XCBuildConfiguration;
			buildSettings = {
				ALWAYS_SEARCH_USER_PATHS = NO;
				CLANG_ANALYZER_NONNULL = YES;
				CLANG_ANALYZER_NUMBER_OBJECT_CONVERSION = YES_AGGRESSIVE;
				CLANG_CXX_LANGUAGE_STANDARD = "gnu++20";
				CLANG_ENABLE_MODULES = YES;
				CLANG_ENABLE_OBJC_ARC = YES;
				CLANG_ENABLE_OBJC_WEAK = YES;
				CLANG_WARN_BLOCK_CAPTURE_AUTORELEASING = YES;
				CLANG_WARN_BOOL_CONVERSION = YES;
				CLANG_WARN_COMMA = YES;
				CLANG_WARN_CONSTANT_CONVERSION = YES;
				CLANG_WARN_DEPRECATED_OBJC_IMPLEMENTATIONS = YES;
				CLANG_WARN_DIRECT_OBJC_ISA_USAGE = YES_ERROR;
				CLANG_WARN_DOCUMENTATION_COMMENTS = YES;
				CLANG_WARN_EMPTY_BODY = YES;
				CLANG_WARN_ENUM_CONVERSION = YES;
				CLANG_WARN_INFINITE_RECURSION = YES;
				CLANG_WARN_INT_CONVERSION = YES;
				CLANG_WARN_NON_LITERAL_NULL_CONVERSION = YES;
				CLANG_WARN_OBJC_IMPLICIT_RETAIN_SELF = YES;
				CLANG_WARN_OBJC_LITERAL_CONVERSION = YES;
				CLANG_WARN_OBJC_ROOT_CLASS = YES_ERROR;
				CLANG_WARN_QUOTED_INCLUDE_IN_FRAMEWORK_HEADER = YES;
				CLANG_WARN_RANGE_LOOP_ANALYSIS = YES;
				CLANG_WARN_STRICT_PROTOTYPES = YES;
				CLANG_WARN_SUSPICIOUS_MOVE = YES;
				CLANG_WARN_UNGUARDED_AVAILABILITY = YES_AGGRESSIVE;
				CLANG_WARN_UNREACHABLE_CODE = YES;
				CLANG_WARN__DUPLICATE_METHOD_MATCH = YES;
				COPY_PHASE_STRIP = NO;
				DEBUG_INFORMATION_FORMAT = dwarf;
				ENABLE_STRICT_OBJC_MSGSEND = YES;
				ENABLE_TESTABILITY = YES;
				GCC_C_LANGUAGE_STANDARD = gnu11;
				GCC_DYNAMIC_NO_PIC = NO;
				GCC_NO_COMMON_BLOCKS = YES;
				GCC_OPTIMIZATION_LEVEL = 0;
				GCC_PREPROCESSOR_DEFINITIONS = (
					"DEBUG=1",
					"$(inherited)",
				);
				GCC_WARN_64_TO_32_BIT_CONVERSION = YES;
				GCC_WARN_ABOUT_RETURN_TYPE = YES_ERROR;
				GCC_WARN_UNDECLARED_SELECTOR = YES;
				GCC_WARN_UNINITIALIZED_AUTOS = YES_AGGRESSIVE;
				GCC_WARN_UNUSED_FUNCTION = YES;
				GCC_WARN_UNUSED_VARIABLE = YES;
				IPHONEOS_DEPLOYMENT_TARGET = 16.1;
				MTL_ENABLE_DEBUG_INFO = INCLUDE_SOURCE;
				MTL_FAST_MATH = YES;
				ONLY_ACTIVE_ARCH = YES;
				SDKROOT = iphoneos;
				SWIFT_ACTIVE_COMPILATION_CONDITIONS = DEBUG;
				SWIFT_OPTIMIZATION_LEVEL = "-Onone";
			};
			name = Debug;
		};
		A2055BE32C11AD8A00272FB7 /* Release */ = {
			isa = XCBuildConfiguration;
			buildSettings = {
				ALWAYS_SEARCH_USER_PATHS = NO;
				CLANG_ANALYZER_NONNULL = YES;
				CLANG_ANALYZER_NUMBER_OBJECT_CONVERSION = YES_AGGRESSIVE;
				CLANG_CXX_LANGUAGE_STANDARD = "gnu++20";
				CLANG_ENABLE_MODULES = YES;
				CLANG_ENABLE_OBJC_ARC = YES;
				CLANG_ENABLE_OBJC_WEAK = YES;
				CLANG_WARN_BLOCK_CAPTURE_AUTORELEASING = YES;
				CLANG_WARN_BOOL_CONVERSION = YES;
				CLANG_WARN_COMMA = YES;
				CLANG_WARN_CONSTANT_CONVERSION = YES;
				CLANG_WARN_DEPRECATED_OBJC_IMPLEMENTATIONS = YES;
				CLANG_WARN_DIRECT_OBJC_ISA_USAGE = YES_ERROR;
				CLANG_WARN_DOCUMENTATION_COMMENTS = YES;
				CLANG_WARN_EMPTY_BODY = YES;
				CLANG_WARN_ENUM_CONVERSION = YES;
				CLANG_WARN_INFINITE_RECURSION = YES;
				CLANG_WARN_INT_CONVERSION = YES;
				CLANG_WARN_NON_LITERAL_NULL_CONVERSION = YES;
				CLANG_WARN_OBJC_IMPLICIT_RETAIN_SELF = YES;
				CLANG_WARN_OBJC_LITERAL_CONVERSION = YES;
				CLANG_WARN_OBJC_ROOT_CLASS = YES_ERROR;
				CLANG_WARN_QUOTED_INCLUDE_IN_FRAMEWORK_HEADER = YES;
				CLANG_WARN_RANGE_LOOP_ANALYSIS = YES;
				CLANG_WARN_STRICT_PROTOTYPES = YES;
				CLANG_WARN_SUSPICIOUS_MOVE = YES;
				CLANG_WARN_UNGUARDED_AVAILABILITY = YES_AGGRESSIVE;
				CLANG_WARN_UNREACHABLE_CODE = YES;
				CLANG_WARN__DUPLICATE_METHOD_MATCH = YES;
				COPY_PHASE_STRIP = NO;
				DEBUG_INFORMATION_FORMAT = "dwarf-with-dsym";
				ENABLE_NS_ASSERTIONS = NO;
				ENABLE_STRICT_OBJC_MSGSEND = YES;
				GCC_C_LANGUAGE_STANDARD = gnu11;
				GCC_NO_COMMON_BLOCKS = YES;
				GCC_WARN_64_TO_32_BIT_CONVERSION = YES;
				GCC_WARN_ABOUT_RETURN_TYPE = YES_ERROR;
				GCC_WARN_UNDECLARED_SELECTOR = YES;
				GCC_WARN_UNINITIALIZED_AUTOS = YES_AGGRESSIVE;
				GCC_WARN_UNUSED_FUNCTION = YES;
				GCC_WARN_UNUSED_VARIABLE = YES;
				IPHONEOS_DEPLOYMENT_TARGET = 16.1;
				MTL_ENABLE_DEBUG_INFO = NO;
				MTL_FAST_MATH = YES;
				SDKROOT = iphoneos;
				SWIFT_COMPILATION_MODE = wholemodule;
				SWIFT_OPTIMIZATION_LEVEL = "-O";
				VALIDATE_PRODUCT = YES;
			};
			name = Release;
		};
		A2055BE52C11AD8A00272FB7 /* Debug */ = {
			isa = XCBuildConfiguration;
			buildSettings = {
				ASSETCATALOG_COMPILER_APPICON_NAME = AppIcon;
				ASSETCATALOG_COMPILER_GLOBAL_ACCENT_COLOR_NAME = AccentColor;
				CODE_SIGN_STYLE = Automatic;
				CURRENT_PROJECT_VERSION = 1;
				DEVELOPMENT_ASSET_PATHS = "\"SmartGuide/Preview Content\"";
				DEVELOPMENT_TEAM = H4CARJMF9X;
				ENABLE_PREVIEWS = YES;
				GENERATE_INFOPLIST_FILE = YES;
				INFOPLIST_FILE = SmartGuide/Info.plist;
				INFOPLIST_KEY_NSCameraUsageDescription = "SmartGuide asks access to your camera";
				INFOPLIST_KEY_UIApplicationSceneManifest_Generation = YES;
				INFOPLIST_KEY_UIApplicationSupportsIndirectInputEvents = YES;
				INFOPLIST_KEY_UILaunchScreen_Generation = YES;
				INFOPLIST_KEY_UISupportedInterfaceOrientations_iPad = "UIInterfaceOrientationPortrait UIInterfaceOrientationPortraitUpsideDown UIInterfaceOrientationLandscapeLeft UIInterfaceOrientationLandscapeRight";
				INFOPLIST_KEY_UISupportedInterfaceOrientations_iPhone = "UIInterfaceOrientationPortrait UIInterfaceOrientationLandscapeLeft UIInterfaceOrientationLandscapeRight";
				IPHONEOS_DEPLOYMENT_TARGET = 16.0;
				LD_RUNPATH_SEARCH_PATHS = (
					"$(inherited)",
					"@executable_path/Frameworks",
				);
				MARKETING_VERSION = 1.0;
				PRODUCT_BUNDLE_IDENTIFIER = andrew.SmartGuide;
				PRODUCT_NAME = "$(TARGET_NAME)";
				SWIFT_EMIT_LOC_STRINGS = YES;
				SWIFT_VERSION = 5.0;
				TARGETED_DEVICE_FAMILY = "1,2";
			};
			name = Debug;
		};
		A2055BE62C11AD8A00272FB7 /* Release */ = {
			isa = XCBuildConfiguration;
			buildSettings = {
				ASSETCATALOG_COMPILER_APPICON_NAME = AppIcon;
				ASSETCATALOG_COMPILER_GLOBAL_ACCENT_COLOR_NAME = AccentColor;
				CODE_SIGN_STYLE = Automatic;
				CURRENT_PROJECT_VERSION = 1;
				DEVELOPMENT_ASSET_PATHS = "\"SmartGuide/Preview Content\"";
				DEVELOPMENT_TEAM = H4CARJMF9X;
				ENABLE_PREVIEWS = YES;
				GENERATE_INFOPLIST_FILE = YES;
				INFOPLIST_FILE = SmartGuide/Info.plist;
				INFOPLIST_KEY_NSCameraUsageDescription = "SmartGuide asks access to your camera";
				INFOPLIST_KEY_UIApplicationSceneManifest_Generation = YES;
				INFOPLIST_KEY_UIApplicationSupportsIndirectInputEvents = YES;
				INFOPLIST_KEY_UILaunchScreen_Generation = YES;
				INFOPLIST_KEY_UISupportedInterfaceOrientations_iPad = "UIInterfaceOrientationPortrait UIInterfaceOrientationPortraitUpsideDown UIInterfaceOrientationLandscapeLeft UIInterfaceOrientationLandscapeRight";
				INFOPLIST_KEY_UISupportedInterfaceOrientations_iPhone = "UIInterfaceOrientationPortrait UIInterfaceOrientationLandscapeLeft UIInterfaceOrientationLandscapeRight";
				IPHONEOS_DEPLOYMENT_TARGET = 16.0;
				LD_RUNPATH_SEARCH_PATHS = (
					"$(inherited)",
					"@executable_path/Frameworks",
				);
				MARKETING_VERSION = 1.0;
				PRODUCT_BUNDLE_IDENTIFIER = andrew.SmartGuide;
				PRODUCT_NAME = "$(TARGET_NAME)";
				SWIFT_EMIT_LOC_STRINGS = YES;
				SWIFT_VERSION = 5.0;
				TARGETED_DEVICE_FAMILY = "1,2";
			};
			name = Release;
		};
/* End XCBuildConfiguration section */

/* Begin XCConfigurationList section */
		A2055BD12C11AD8800272FB7 /* Build configuration list for PBXProject "SmartGuide" */ = {
			isa = XCConfigurationList;
			buildConfigurations = (
				A2055BE22C11AD8A00272FB7 /* Debug */,
				A2055BE32C11AD8A00272FB7 /* Release */,
			);
			defaultConfigurationIsVisible = 0;
			defaultConfigurationName = Release;
		};
		A2055BE42C11AD8A00272FB7 /* Build configuration list for PBXNativeTarget "SmartGuide" */ = {
			isa = XCConfigurationList;
			buildConfigurations = (
				A2055BE52C11AD8A00272FB7 /* Debug */,
				A2055BE62C11AD8A00272FB7 /* Release */,
			);
			defaultConfigurationIsVisible = 0;
			defaultConfigurationName = Release;
		};
/* End XCConfigurationList section */

/* Begin XCRemoteSwiftPackageReference section */
		A23B0C6A2C1F5D52004083AA /* XCRemoteSwiftPackageReference "OpenAISwift" */ = {
			isa = XCRemoteSwiftPackageReference;
			repositoryURL = "https://github.com/adamrushy/OpenAISwift?source=post_page-----3d36a2661192--------------------------------";
			requirement = {
				kind = upToNextMajorVersion;
				minimumVersion = 1.0.0;
			};
		};
/* End XCRemoteSwiftPackageReference section */

/* Begin XCSwiftPackageProductDependency section */
		A23B0C6B2C1F5D52004083AA /* OpenAISwift */ = {
			isa = XCSwiftPackageProductDependency;
			package = A23B0C6A2C1F5D52004083AA /* XCRemoteSwiftPackageReference "OpenAISwift" */;
			productName = OpenAISwift;
		};
/* End XCSwiftPackageProductDependency section */
	};
	rootObject = A2055BCE2C11AD8800272FB7 /* Project object */;
}
