{
  "pins" : [
    {
      "identity" : "alamofire",
      "kind" : "remoteSourceControl",
      "location" : "https://github.com/Alamofire/Alamofire",
      "state" : {
        "revision" : "f455c2975872ccd2d9c81594c658af65716e9b9a",
        "version" : "5.9.1"
      }
    },
    {
      "identity" : "openaiswift?source=post_page-----3d36a2661192--------------------------------",
      "kind" : "remoteSourceControl",
      "location" : "https://github.com/adamrushy/OpenAISwift?source=post_page-----3d36a2661192--------------------------------",
      "state" : {
        "revision" : "ca66fb720d6ebb657601db5a0852b830ae310a4c",
        "version" : "1.4.1"
      }
    }
  ],
  "version" : 2
}
